
Microsoft Visual Studio Solution File, Format Version 12.00
# Visual Studio Version 17
VisualStudioVersion = 17.5.002.0
MinimumVisualStudioVersion = 10.0.40219.1
Project("{9A19103F-16F7-4668-BE54-9A1E7A4F7556}") = "HealthChecker", "HealthChecker.csproj", "{C94775E1-34C8-4174-BDEA-81FDCEE2D18C}"
EndProject
Global
	GlobalSection(SolutionConfigurationPlatforms) = preSolution
		Debug|Any CPU = Debug|Any CPU
		Release|Any CPU = Release|Any CPU
	EndGlobalSection
	GlobalSection(ProjectConfigurationPlatforms) = postSolution
		{C94775E1-34C8-4174-BDEA-81FDCEE2D18C}.Debug|Any CPU.ActiveCfg = Debug|Any CPU
		{C94775E1-34C8-4174-BDEA-81FDCEE2D18C}.Debug|Any CPU.Build.0 = Debug|Any CPU
		{C94775E1-34C8-4174-BDEA-81FDCEE2D18C}.Release|Any CPU.ActiveCfg = Release|Any CPU
		{C94775E1-34C8-4174-BDEA-81FDCEE2D18C}.Release|Any CPU.Build.0 = Release|Any CPU
	EndGlobalSection
	GlobalSection(SolutionProperties) = preSolution
		HideSolutionNode = FALSE
	EndGlobalSection
	GlobalSection(ExtensibilityGlobals) = postSolution
		SolutionGuid = {24787CBB-4EF7-45DD-A2B0-47E266579225}
	EndGlobalSection
EndGlobal
